
Microsoft Visual Studio Solution File, Format Version 12.00
# Visual Studio Version 17
VisualStudioVersion = 17.11.35431.28
MinimumVisualStudioVersion = 10.0.40219.1
Project("{FAE04EC0-301F-11D3-BF4B-00C04F79EFBC}") = "WebApi", "WebApi.csproj", "{551EEA05-FD90-46B8-9DEE-C35871D3FDF5}"
EndProject
Global
	GlobalSection(SolutionConfigurationPlatforms) = preSolution
		Debug|Any CPU = Debug|Any CPU
		Release|Any CPU = Release|Any CPU
	EndGlobalSection
	GlobalSection(ProjectConfigurationPlatforms) = postSolution
		{551EEA05-FD90-46B8-9DEE-C35871D3FDF5}.Debug|Any CPU.ActiveCfg = Debug|Any CPU
		{551EEA05-FD90-46B8-9DEE-C35871D3FDF5}.Debug|Any CPU.Build.0 = Debug|Any CPU
		{551EEA05-FD90-46B8-9DEE-C35871D3FDF5}.Release|Any CPU.ActiveCfg = Release|Any CPU
		{551EEA05-FD90-46B8-9DEE-C35871D3FDF5}.Release|Any CPU.Build.0 = Release|Any CPU
	EndGlobalSection
	GlobalSection(SolutionProperties) = preSolution
		HideSolutionNode = FALSE
	EndGlobalSection
	GlobalSection(ExtensibilityGlobals) = postSolution
		SolutionGuid = {175217CD-A48F-4646-BDFA-A2EFE6F34BE2}
	EndGlobalSection
EndGlobal
